
Microsoft Visual Studio Solution File, Format Version 12.00
# Visual Studio Version 16
VisualStudioVersion = 16.0.31129.286
MinimumVisualStudioVersion = 10.0.40219.1
Project("{9A19103F-16F7-4668-BE54-9A1E7A4F7556}") = "AxisBank", "AxisBank.csproj", "{7BE026A6-50B6-43BC-8484-C57603269C08}"
EndProject
Project("{9A19103F-16F7-4668-BE54-9A1E7A4F7556}") = "AxisBank.lib.Core", "..\AxisBank.lib.Core\AxisBank.lib.Core.csproj", "{4F44D90E-849A-452D-BD3F-CE7CFA35B2D5}"
EndProject
Project("{9A19103F-16F7-4668-BE54-9A1E7A4F7556}") = "AxisBank.lib.Model", "..\AxisBank.lib.Model\AxisBank.lib.Model.csproj", "{0AA26142-288C-4178-93DB-CC3EC2662A33}"
EndProject
Project("{9A19103F-16F7-4668-BE54-9A1E7A4F7556}") = "AxisBank.lib.Data", "..\AxisBank.lib.Data\AxisBank.lib.Data.csproj", "{7C93F1DB-B14F-46A7-B381-A359C0FF7B5F}"
EndProject
Project("{9A19103F-16F7-4668-BE54-9A1E7A4F7556}") = "AxisBank.lib.Common", "..\AxisBank.lib.Common\AxisBank.lib.Common.csproj", "{B00C2D94-73E8-4318-A69E-928D884F7C7B}"
EndProject
Global
	GlobalSection(SolutionConfigurationPlatforms) = preSolution
		Debug|Any CPU = Debug|Any CPU
		Release|Any CPU = Release|Any CPU
	EndGlobalSection
	GlobalSection(ProjectConfigurationPlatforms) = postSolution
		{7BE026A6-50B6-43BC-8484-C57603269C08}.Debug|Any CPU.ActiveCfg = Debug|Any CPU
		{7BE026A6-50B6-43BC-8484-C57603269C08}.Debug|Any CPU.Build.0 = Debug|Any CPU
		{7BE026A6-50B6-43BC-8484-C57603269C08}.Release|Any CPU.ActiveCfg = Release|Any CPU
		{7BE026A6-50B6-43BC-8484-C57603269C08}.Release|Any CPU.Build.0 = Release|Any CPU
		{4F44D90E-849A-452D-BD3F-CE7CFA35B2D5}.Debug|Any CPU.ActiveCfg = Debug|Any CPU
		{4F44D90E-849A-452D-BD3F-CE7CFA35B2D5}.Debug|Any CPU.Build.0 = Debug|Any CPU
		{4F44D90E-849A-452D-BD3F-CE7CFA35B2D5}.Release|Any CPU.ActiveCfg = Release|Any CPU
		{4F44D90E-849A-452D-BD3F-CE7CFA35B2D5}.Release|Any CPU.Build.0 = Release|Any CPU
		{0AA26142-288C-4178-93DB-CC3EC2662A33}.Debug|Any CPU.ActiveCfg = Debug|Any CPU
		{0AA26142-288C-4178-93DB-CC3EC2662A33}.Debug|Any CPU.Build.0 = Debug|Any CPU
		{0AA26142-288C-4178-93DB-CC3EC2662A33}.Release|Any CPU.ActiveCfg = Release|Any CPU
		{0AA26142-288C-4178-93DB-CC3EC2662A33}.Release|Any CPU.Build.0 = Release|Any CPU
		{7C93F1DB-B14F-46A7-B381-A359C0FF7B5F}.Debug|Any CPU.ActiveCfg = Debug|Any CPU
		{7C93F1DB-B14F-46A7-B381-A359C0FF7B5F}.Debug|Any CPU.Build.0 = Debug|Any CPU
		{7C93F1DB-B14F-46A7-B381-A359C0FF7B5F}.Release|Any CPU.ActiveCfg = Release|Any CPU
		{7C93F1DB-B14F-46A7-B381-A359C0FF7B5F}.Release|Any CPU.Build.0 = Release|Any CPU
		{B00C2D94-73E8-4318-A69E-928D884F7C7B}.Debug|Any CPU.ActiveCfg = Debug|Any CPU
		{B00C2D94-73E8-4318-A69E-928D884F7C7B}.Debug|Any CPU.Build.0 = Debug|Any CPU
		{B00C2D94-73E8-4318-A69E-928D884F7C7B}.Release|Any CPU.ActiveCfg = Release|Any CPU
		{B00C2D94-73E8-4318-A69E-928D884F7C7B}.Release|Any CPU.Build.0 = Release|Any CPU
	EndGlobalSection
	GlobalSection(SolutionProperties) = preSolution
		HideSolutionNode = FALSE
	EndGlobalSection
	GlobalSection(ExtensibilityGlobals) = postSolution
		SolutionGuid = {3EC25AEB-FC79-4776-AE28-166577E8B131}
	EndGlobalSection
EndGlobal
